
Microsoft Visual Studio Solution File, Format Version 12.00
# Visual Studio Version 16
VisualStudioVersion = 16.0.31019.35
MinimumVisualStudioVersion = 10.0.40219.1
Project("{9A19103F-16F7-4668-BE54-9A1E7A4F7556}") = "Entities", "Entities\Entities.csproj", "{66E7A512-F94D-4987-AEAA-7B3F50401709}"
EndProject
Project("{9A19103F-16F7-4668-BE54-9A1E7A4F7556}") = "Business", "Business\Business.csproj", "{3DE60052-B64F-4722-8CAD-1927541C85DA}"
EndProject
Project("{9A19103F-16F7-4668-BE54-9A1E7A4F7556}") = "DataAccess", "DataAccess\DataAccess.csproj", "{92C3A8CA-3EE7-4E36-9F35-EAE5295104EE}"
EndProject
Project("{9A19103F-16F7-4668-BE54-9A1E7A4F7556}") = "ConsoleUI", "ConsoleUI\ConsoleUI.csproj", "{8E88402A-1B67-41FC-9E8D-DDE58541E4D2}"
EndProject
Project("{9A19103F-16F7-4668-BE54-9A1E7A4F7556}") = "Core", "Core\Core.csproj", "{C12E7E9A-313F-434D-AC6D-7715897199A2}"
EndProject
Project("{FAE04EC0-301F-11D3-BF4B-00C04F79EFBC}") = "WebAPI", "WebAPI\WebAPI.csproj", "{B123AE77-FD14-42C1-9697-6F26D9A1195C}"
EndProject
Global
	GlobalSection(SolutionConfigurationPlatforms) = preSolution
		Debug|Any CPU = Debug|Any CPU
		Release|Any CPU = Release|Any CPU
	EndGlobalSection
	GlobalSection(ProjectConfigurationPlatforms) = postSolution
		{66E7A512-F94D-4987-AEAA-7B3F50401709}.Debug|Any CPU.ActiveCfg = Debug|Any CPU
		{66E7A512-F94D-4987-AEAA-7B3F50401709}.Debug|Any CPU.Build.0 = Debug|Any CPU
		{66E7A512-F94D-4987-AEAA-7B3F50401709}.Release|Any CPU.ActiveCfg = Release|Any CPU
		{66E7A512-F94D-4987-AEAA-7B3F50401709}.Release|Any CPU.Build.0 = Release|Any CPU
		{3DE60052-B64F-4722-8CAD-1927541C85DA}.Debug|Any CPU.ActiveCfg = Debug|Any CPU
		{3DE60052-B64F-4722-8CAD-1927541C85DA}.Debug|Any CPU.Build.0 = Debug|Any CPU
		{3DE60052-B64F-4722-8CAD-1927541C85DA}.Release|Any CPU.ActiveCfg = Release|Any CPU
		{3DE60052-B64F-4722-8CAD-1927541C85DA}.Release|Any CPU.Build.0 = Release|Any CPU
		{92C3A8CA-3EE7-4E36-9F35-EAE5295104EE}.Debug|Any CPU.ActiveCfg = Debug|Any CPU
		{92C3A8CA-3EE7-4E36-9F35-EAE5295104EE}.Debug|Any CPU.Build.0 = Debug|Any CPU
		{92C3A8CA-3EE7-4E36-9F35-EAE5295104EE}.Release|Any CPU.ActiveCfg = Release|Any CPU
		{92C3A8CA-3EE7-4E36-9F35-EAE5295104EE}.Release|Any CPU.Build.0 = Release|Any CPU
		{8E88402A-1B67-41FC-9E8D-DDE58541E4D2}.Debug|Any CPU.ActiveCfg = Debug|Any CPU
		{8E88402A-1B67-41FC-9E8D-DDE58541E4D2}.Debug|Any CPU.Build.0 = Debug|Any CPU
		{8E88402A-1B67-41FC-9E8D-DDE58541E4D2}.Release|Any CPU.ActiveCfg = Release|Any CPU
		{8E88402A-1B67-41FC-9E8D-DDE58541E4D2}.Release|Any CPU.Build.0 = Release|Any CPU
		{C12E7E9A-313F-434D-AC6D-7715897199A2}.Debug|Any CPU.ActiveCfg = Debug|Any CPU
		{C12E7E9A-313F-434D-AC6D-7715897199A2}.Debug|Any CPU.Build.0 = Debug|Any CPU
		{C12E7E9A-313F-434D-AC6D-7715897199A2}.Release|Any CPU.ActiveCfg = Release|Any CPU
		{C12E7E9A-313F-434D-AC6D-7715897199A2}.Release|Any CPU.Build.0 = Release|Any CPU
		{B123AE77-FD14-42C1-9697-6F26D9A1195C}.Debug|Any CPU.ActiveCfg = Debug|Any CPU
		{B123AE77-FD14-42C1-9697-6F26D9A1195C}.Debug|Any CPU.Build.0 = Debug|Any CPU
		{B123AE77-FD14-42C1-9697-6F26D9A1195C}.Release|Any CPU.ActiveCfg = Release|Any CPU
		{B123AE77-FD14-42C1-9697-6F26D9A1195C}.Release|Any CPU.Build.0 = Release|Any CPU
	EndGlobalSection
	GlobalSection(SolutionProperties) = preSolution
		HideSolutionNode = FALSE
	EndGlobalSection
	GlobalSection(ExtensibilityGlobals) = postSolution
		SolutionGuid = {1993C77D-BA2E-4F7A-8853-8E837E8DAA3B}
	EndGlobalSection
EndGlobal
